
Microsoft Visual Studio Solution File, Format Version 12.00
# Visual Studio 15
VisualStudioVersion = 15.0.26823.1
MinimumVisualStudioVersion = 10.0.40219.1
Project("{FAE04EC0-301F-11D3-BF4B-00C04F79EFBC}") = "NativeAccelerometer.Android", "NativeAccelerometer\NativeAccelerometer.Android\NativeAccelerometer.Android.csproj", "{1EB13749-0B6F-46E7-93E7-42B472CDD2F6}"
EndProject
Project("{FAE04EC0-301F-11D3-BF4B-00C04F79EFBC}") = "NativeAccelerometer", "NativeAccelerometer\NativeAccelerometer\NativeAccelerometer.csproj", "{32A3A101-B8E5-48C6-923A-70BDDC50B1A0}"
EndProject
Project("{FAE04EC0-301F-11D3-BF4B-00C04F79EFBC}") = "NativeAccelerometer.iOS", "NativeAccelerometer\NativeAccelerometer.iOS\NativeAccelerometer.iOS.csproj", "{FD592F68-5FA2-4E19-9569-82B78DA78D84}"
EndProject
Global
	GlobalSection(SolutionConfigurationPlatforms) = preSolution
		Ad-Hoc|Any CPU = Ad-Hoc|Any CPU
		Ad-Hoc|iPhone = Ad-Hoc|iPhone
		Ad-Hoc|iPhoneSimulator = Ad-Hoc|iPhoneSimulator
		AppStore|Any CPU = AppStore|Any CPU
		AppStore|iPhone = AppStore|iPhone
		AppStore|iPhoneSimulator = AppStore|iPhoneSimulator
		Debug|Any CPU = Debug|Any CPU
		Debug|iPhone = Debug|iPhone
		Debug|iPhoneSimulator = Debug|iPhoneSimulator
		Release|Any CPU = Release|Any CPU
		Release|iPhone = Release|iPhone
		Release|iPhoneSimulator = Release|iPhoneSimulator
	EndGlobalSection
	GlobalSection(ProjectConfigurationPlatforms) = postSolution
		{1EB13749-0B6F-46E7-93E7-42B472CDD2F6}.Ad-Hoc|Any CPU.ActiveCfg = Release|Any CPU
		{1EB13749-0B6F-46E7-93E7-42B472CDD2F6}.Ad-Hoc|Any CPU.Build.0 = Release|Any CPU
		{1EB13749-0B6F-46E7-93E7-42B472CDD2F6}.Ad-Hoc|Any CPU.Deploy.0 = Release|Any CPU
		{1EB13749-0B6F-46E7-93E7-42B472CDD2F6}.Ad-Hoc|iPhone.ActiveCfg = Release|Any CPU
		{1EB13749-0B6F-46E7-93E7-42B472CDD2F6}.Ad-Hoc|iPhone.Build.0 = Release|Any CPU
		{1EB13749-0B6F-46E7-93E7-42B472CDD2F6}.Ad-Hoc|iPhone.Deploy.0 = Release|Any CPU
		{1EB13749-0B6F-46E7-93E7-42B472CDD2F6}.Ad-Hoc|iPhoneSimulator.ActiveCfg = Release|Any CPU
		{1EB13749-0B6F-46E7-93E7-42B472CDD2F6}.Ad-Hoc|iPhoneSimulator.Build.0 = Release|Any CPU
		{1EB13749-0B6F-46E7-93E7-42B472CDD2F6}.Ad-Hoc|iPhoneSimulator.Deploy.0 = Release|Any CPU
		{1EB13749-0B6F-46E7-93E7-42B472CDD2F6}.AppStore|Any CPU.ActiveCfg = Release|Any CPU
		{1EB13749-0B6F-46E7-93E7-42B472CDD2F6}.AppStore|Any CPU.Build.0 = Release|Any CPU
		{1EB13749-0B6F-46E7-93E7-42B472CDD2F6}.AppStore|Any CPU.Deploy.0 = Release|Any CPU
		{1EB13749-0B6F-46E7-93E7-42B472CDD2F6}.AppStore|iPhone.ActiveCfg = Release|Any CPU
		{1EB13749-0B6F-46E7-93E7-42B472CDD2F6}.AppStore|iPhone.Build.0 = Release|Any CPU
		{1EB13749-0B6F-46E7-93E7-42B472CDD2F6}.AppStore|iPhone.Deploy.0 = Release|Any CPU
		{1EB13749-0B6F-46E7-93E7-42B472CDD2F6}.AppStore|iPhoneSimulator.ActiveCfg = Release|Any CPU
		{1EB13749-0B6F-46E7-93E7-42B472CDD2F6}.AppStore|iPhoneSimulator.Build.0 = Release|Any CPU
		{1EB13749-0B6F-46E7-93E7-42B472CDD2F6}.AppStore|iPhoneSimulator.Deploy.0 = Release|Any CPU
		{1EB13749-0B6F-46E7-93E7-42B472CDD2F6}.Debug|Any CPU.ActiveCfg = Debug|Any CPU
		{1EB13749-0B6F-46E7-93E7-42B472CDD2F6}.Debug|Any CPU.Build.0 = Debug|Any CPU
		{1EB13749-0B6F-46E7-93E7-42B472CDD2F6}.Debug|Any CPU.Deploy.0 = Debug|Any CPU
		{1EB13749-0B6F-46E7-93E7-42B472CDD2F6}.Debug|iPhone.ActiveCfg = Debug|Any CPU
		{1EB13749-0B6F-46E7-93E7-42B472CDD2F6}.Debug|iPhone.Build.0 = Debug|Any CPU
		{1EB13749-0B6F-46E7-93E7-42B472CDD2F6}.Debug|iPhone.Deploy.0 = Debug|Any CPU
		{1EB13749-0B6F-46E7-93E7-42B472CDD2F6}.Debug|iPhoneSimulator.ActiveCfg = Debug|Any CPU
		{1EB13749-0B6F-46E7-93E7-42B472CDD2F6}.Debug|iPhoneSimulator.Build.0 = Debug|Any CPU
		{1EB13749-0B6F-46E7-93E7-42B472CDD2F6}.Debug|iPhoneSimulator.Deploy.0 = Debug|Any CPU
		{1EB13749-0B6F-46E7-93E7-42B472CDD2F6}.Release|Any CPU.ActiveCfg = Release|Any CPU
		{1EB13749-0B6F-46E7-93E7-42B472CDD2F6}.Release|Any CPU.Build.0 = Release|Any CPU
		{1EB13749-0B6F-46E7-93E7-42B472CDD2F6}.Release|Any CPU.Deploy.0 = Release|Any CPU
		{1EB13749-0B6F-46E7-93E7-42B472CDD2F6}.Release|iPhone.ActiveCfg = Release|Any CPU
		{1EB13749-0B6F-46E7-93E7-42B472CDD2F6}.Release|iPhone.Build.0 = Release|Any CPU
		{1EB13749-0B6F-46E7-93E7-42B472CDD2F6}.Release|iPhone.Deploy.0 = Release|Any CPU
		{1EB13749-0B6F-46E7-93E7-42B472CDD2F6}.Release|iPhoneSimulator.ActiveCfg = Release|Any CPU
		{1EB13749-0B6F-46E7-93E7-42B472CDD2F6}.Release|iPhoneSimulator.Build.0 = Release|Any CPU
		{1EB13749-0B6F-46E7-93E7-42B472CDD2F6}.Release|iPhoneSimulator.Deploy.0 = Release|Any CPU
		{32A3A101-B8E5-48C6-923A-70BDDC50B1A0}.Ad-Hoc|Any CPU.ActiveCfg = Release|Any CPU
		{32A3A101-B8E5-48C6-923A-70BDDC50B1A0}.Ad-Hoc|Any CPU.Build.0 = Release|Any CPU
		{32A3A101-B8E5-48C6-923A-70BDDC50B1A0}.Ad-Hoc|iPhone.ActiveCfg = Release|Any CPU
		{32A3A101-B8E5-48C6-923A-70BDDC50B1A0}.Ad-Hoc|iPhone.Build.0 = Release|Any CPU
		{32A3A101-B8E5-48C6-923A-70BDDC50B1A0}.Ad-Hoc|iPhoneSimulator.ActiveCfg = Release|Any CPU
		{32A3A101-B8E5-48C6-923A-70BDDC50B1A0}.Ad-Hoc|iPhoneSimulator.Build.0 = Release|Any CPU
		{32A3A101-B8E5-48C6-923A-70BDDC50B1A0}.AppStore|Any CPU.ActiveCfg = Release|Any CPU
		{32A3A101-B8E5-48C6-923A-70BDDC50B1A0}.AppStore|Any CPU.Build.0 = Release|Any CPU
		{32A3A101-B8E5-48C6-923A-70BDDC50B1A0}.AppStore|iPhone.ActiveCfg = Release|Any CPU
		{32A3A101-B8E5-48C6-923A-70BDDC50B1A0}.AppStore|iPhone.Build.0 = Release|Any CPU
		{32A3A101-B8E5-48C6-923A-70BDDC50B1A0}.AppStore|iPhoneSimulator.ActiveCfg = Release|Any CPU
		{32A3A101-B8E5-48C6-923A-70BDDC50B1A0}.AppStore|iPhoneSimulator.Build.0 = Release|Any CPU
		{32A3A101-B8E5-48C6-923A-70BDDC50B1A0}.Debug|Any CPU.ActiveCfg = Debug|Any CPU
		{32A3A101-B8E5-48C6-923A-70BDDC50B1A0}.Debug|Any CPU.Build.0 = Debug|Any CPU
		{32A3A101-B8E5-48C6-923A-70BDDC50B1A0}.Debug|iPhone.ActiveCfg = Debug|Any CPU
		{32A3A101-B8E5-48C6-923A-70BDDC50B1A0}.Debug|iPhone.Build.0 = Debug|Any CPU
		{32A3A101-B8E5-48C6-923A-70BDDC50B1A0}.Debug|iPhoneSimulator.ActiveCfg = Debug|Any CPU
		{32A3A101-B8E5-48C6-923A-70BDDC50B1A0}.Debug|iPhoneSimulator.Build.0 = Debug|Any CPU
		{32A3A101-B8E5-48C6-923A-70BDDC50B1A0}.Release|Any CPU.ActiveCfg = Release|Any CPU
		{32A3A101-B8E5-48C6-923A-70BDDC50B1A0}.Release|Any CPU.Build.0 = Release|Any CPU
		{32A3A101-B8E5-48C6-923A-70BDDC50B1A0}.Release|iPhone.ActiveCfg = Release|Any CPU
		{32A3A101-B8E5-48C6-923A-70BDDC50B1A0}.Release|iPhone.Build.0 = Release|Any CPU
		{32A3A101-B8E5-48C6-923A-70BDDC50B1A0}.Release|iPhoneSimulator.ActiveCfg = Release|Any CPU
		{32A3A101-B8E5-48C6-923A-70BDDC50B1A0}.Release|iPhoneSimulator.Build.0 = Release|Any CPU
		{FD592F68-5FA2-4E19-9569-82B78DA78D84}.Ad-Hoc|Any CPU.ActiveCfg = Ad-Hoc|iPhoneSimulator
		{FD592F68-5FA2-4E19-9569-82B78DA78D84}.Ad-Hoc|iPhone.ActiveCfg = Ad-Hoc|iPhoneSimulator
		{FD592F68-5FA2-4E19-9569-82B78DA78D84}.Ad-Hoc|iPhone.Build.0 = Ad-Hoc|iPhoneSimulator
		{FD592F68-5FA2-4E19-9569-82B78DA78D84}.Ad-Hoc|iPhoneSimulator.ActiveCfg = Ad-Hoc|iPhoneSimulator
		{FD592F68-5FA2-4E19-9569-82B78DA78D84}.Ad-Hoc|iPhoneSimulator.Build.0 = Ad-Hoc|iPhoneSimulator
		{FD592F68-5FA2-4E19-9569-82B78DA78D84}.AppStore|Any CPU.ActiveCfg = AppStore|iPhoneSimulator
		{FD592F68-5FA2-4E19-9569-82B78DA78D84}.AppStore|iPhone.ActiveCfg = AppStore|iPhoneSimulator
		{FD592F68-5FA2-4E19-9569-82B78DA78D84}.AppStore|iPhone.Build.0 = AppStore|iPhoneSimulator
		{FD592F68-5FA2-4E19-9569-82B78DA78D84}.AppStore|iPhoneSimulator.ActiveCfg = AppStore|iPhoneSimulator
		{FD592F68-5FA2-4E19-9569-82B78DA78D84}.AppStore|iPhoneSimulator.Build.0 = AppStore|iPhoneSimulator
		{FD592F68-5FA2-4E19-9569-82B78DA78D84}.Debug|Any CPU.ActiveCfg = Debug|iPhoneSimulator
		{FD592F68-5FA2-4E19-9569-82B78DA78D84}.Debug|iPhone.ActiveCfg = Debug|iPhone
		{FD592F68-5FA2-4E19-9569-82B78DA78D84}.Debug|iPhone.Build.0 = Debug|iPhone
		{FD592F68-5FA2-4E19-9569-82B78DA78D84}.Debug|iPhoneSimulator.ActiveCfg = Debug|iPhoneSimulator
		{FD592F68-5FA2-4E19-9569-82B78DA78D84}.Debug|iPhoneSimulator.Build.0 = Debug|iPhoneSimulator
		{FD592F68-5FA2-4E19-9569-82B78DA78D84}.Release|Any CPU.ActiveCfg = Release|iPhoneSimulator
		{FD592F68-5FA2-4E19-9569-82B78DA78D84}.Release|iPhone.ActiveCfg = Release|iPhoneSimulator
		{FD592F68-5FA2-4E19-9569-82B78DA78D84}.Release|iPhone.Build.0 = Release|iPhoneSimulator
		{FD592F68-5FA2-4E19-9569-82B78DA78D84}.Release|iPhoneSimulator.ActiveCfg = Release|iPhoneSimulator
		{FD592F68-5FA2-4E19-9569-82B78DA78D84}.Release|iPhoneSimulator.Build.0 = Release|iPhoneSimulator
	EndGlobalSection
	GlobalSection(SolutionProperties) = preSolution
		HideSolutionNode = FALSE
	EndGlobalSection
	GlobalSection(ExtensibilityGlobals) = postSolution
		SolutionGuid = {5394F371-F1BD-4CF0-8C56-E503D0336D5D}
	EndGlobalSection
EndGlobal
